
Microsoft Visual Studio Solution File, Format Version 12.00
# Visual Studio Version 17
VisualStudioVersion = 17.13.35806.99 d17.13
MinimumVisualStudioVersion = 10.0.40219.1
Project("{FAE04EC0-301F-11D3-BF4B-00C04F79EFBC}") = "AlgoritmosDeOrdenacao.Code", "AlgoritmosDeOrdenacao\AlgoritmosDeOrdenacao.Code.csproj", "{76144A66-BDB0-42DC-8820-A24C6E225612}"
EndProject
Project("{FAE04EC0-301F-11D3-BF4B-00C04F79EFBC}") = "AlgoritmosDeOrdenacao.teste", "AlgoritmosDeOrdenacao.teste\AlgoritmosDeOrdenacao.teste.csproj", "{AC02B401-A60C-4891-B2B4-6BD16E505881}"
EndProject
Global
	GlobalSection(SolutionConfigurationPlatforms) = preSolution
		Debug|Any CPU = Debug|Any CPU
		Release|Any CPU = Release|Any CPU
	EndGlobalSection
	GlobalSection(ProjectConfigurationPlatforms) = postSolution
		{76144A66-BDB0-42DC-8820-A24C6E225612}.Debug|Any CPU.ActiveCfg = Debug|Any CPU
		{76144A66-BDB0-42DC-8820-A24C6E225612}.Debug|Any CPU.Build.0 = Debug|Any CPU
		{76144A66-BDB0-42DC-8820-A24C6E225612}.Release|Any CPU.ActiveCfg = Release|Any CPU
		{76144A66-BDB0-42DC-8820-A24C6E225612}.Release|Any CPU.Build.0 = Release|Any CPU
		{AC02B401-A60C-4891-B2B4-6BD16E505881}.Debug|Any CPU.ActiveCfg = Debug|Any CPU
		{AC02B401-A60C-4891-B2B4-6BD16E505881}.Debug|Any CPU.Build.0 = Debug|Any CPU
		{AC02B401-A60C-4891-B2B4-6BD16E505881}.Release|Any CPU.ActiveCfg = Release|Any CPU
		{AC02B401-A60C-4891-B2B4-6BD16E505881}.Release|Any CPU.Build.0 = Release|Any CPU
	EndGlobalSection
	GlobalSection(SolutionProperties) = preSolution
		HideSolutionNode = FALSE
	EndGlobalSection
	GlobalSection(ExtensibilityGlobals) = postSolution
		SolutionGuid = {E3535193-29AA-4F73-BABE-32758659D3D8}
	EndGlobalSection
EndGlobal
